// !$*UTF8*$!
{
	archiveVersion = 1;
	classes = {
	};
	objectVersion = 46;
	objects = {

/* Begin PBXBuildFile section */
		BC2A1A1A14563C050096E9CF /* UIKit.framework in Frameworks */ = {isa = PBXBuildFile; fileRef = BC2A1A1914563C050096E9CF /* UIKit.framework */; };
		BC2A1A1C14563C050096E9CF /* Foundation.framework in Frameworks */ = {isa = PBXBuildFile; fileRef = BC2A1A1B14563C050096E9CF /* Foundation.framework */; };
		BC2A1A1E14563C050096E9CF /* CoreGraphics.framework in Frameworks */ = {isa = PBXBuildFile; fileRef = BC2A1A1D14563C050096E9CF /* CoreGraphics.framework */; };
		BC2A1A2414563C050096E9CF /* InfoPlist.strings in Resources */ = {isa = PBXBuildFile; fileRef = BC2A1A2214563C050096E9CF /* InfoPlist.strings */; };
		BC2A1A2614563C050096E9CF /* main.m in Sources */ = {isa = PBXBuildFile; fileRef = BC2A1A2514563C050096E9CF /* main.m */; };
		BC2A1A2A14563C050096E9CF /* AppDelegate.m in Sources */ = {isa = PBXBuildFile; fileRef = BC2A1A2914563C050096E9CF /* AppDelegate.m */; };
		BC2A1A2D14563C050096E9CF /* ViewController.m in Sources */ = {isa = PBXBuildFile; fileRef = BC2A1A2C14563C050096E9CF /* ViewController.m */; };
		BC2A1A3014563C050096E9CF /* ViewController.xib in Resources */ = {isa = PBXBuildFile; fileRef = BC2A1A2E14563C050096E9CF /* ViewController.xib */; };
		BC62E06A146EFF0C00540DF6 /* Book.m in Sources */ = {isa = PBXBuildFile; fileRef = BC62E069146EFF0C00540DF6 /* Book.m */; };
		BC62E06E1470AA7E00540DF6 /* BlueCover.png in Resources */ = {isa = PBXBuildFile; fileRef = BC62E06B1470AA7D00540DF6 /* BlueCover.png */; };
		BC62E06F1470AA7E00540DF6 /* GreenCover.png in Resources */ = {isa = PBXBuildFile; fileRef = BC62E06C1470AA7D00540DF6 /* GreenCover.png */; };
		BC62E0701470AA7E00540DF6 /* RedCover.png in Resources */ = {isa = PBXBuildFile; fileRef = BC62E06D1470AA7D00540DF6 /* RedCover.png */; };
		BC62E0721470B3B600540DF6 /* Bookshelf.png in Resources */ = {isa = PBXBuildFile; fileRef = BC62E0711470B3B600540DF6 /* Bookshelf.png */; };
/* End PBXBuildFile section */

/* Begin PBXFileReference section */
		BC2A1A1514563C050096E9CF /* Shelving.app */ = {isa = PBXFileReference; explicitFileType = wrapper.application; includeInIndex = 0; path = Shelving.app; sourceTree = BUILT_PRODUCTS_DIR; };
		BC2A1A1914563C050096E9CF /* UIKit.framework */ = {isa = PBXFileReference; lastKnownFileType = wrapper.framework; name = UIKit.framework; path = System/Library/Frameworks/UIKit.framework; sourceTree = SDKROOT; };
		BC2A1A1B14563C050096E9CF /* Foundation.framework */ = {isa = PBXFileReference; lastKnownFileType = wrapper.framework; name = Foundation.framework; path = System/Library/Frameworks/Foundation.framework; sourceTree = SDKROOT; };
		BC2A1A1D14563C050096E9CF /* CoreGraphics.framework */ = {isa = PBXFileReference; lastKnownFileType = wrapper.framework; name = CoreGraphics.framework; path = System/Library/Frameworks/CoreGraphics.framework; sourceTree = SDKROOT; };
		BC2A1A2114563C050096E9CF /* Shelving-Info.plist */ = {isa = PBXFileReference; lastKnownFileType = text.plist.xml; path = "Shelving-Info.plist"; sourceTree = "<group>"; };
		BC2A1A2314563C050096E9CF /* en */ = {isa = PBXFileReference; lastKnownFileType = text.plist.strings; name = en; path = en.lproj/InfoPlist.strings; sourceTree = "<group>"; };
		BC2A1A2514563C050096E9CF /* main.m */ = {isa = PBXFileReference; lastKnownFileType = sourcecode.c.objc; path = main.m; sourceTree = "<group>"; };
		BC2A1A2714563C050096E9CF /* Shelving-Prefix.pch */ = {isa = PBXFileReference; lastKnownFileType = sourcecode.c.h; path = "Shelving-Prefix.pch"; sourceTree = "<group>"; };
		BC2A1A2814563C050096E9CF /* AppDelegate.h */ = {isa = PBXFileReference; lastKnownFileType = sourcecode.c.h; path = AppDelegate.h; sourceTree = "<group>"; };
		BC2A1A2914563C050096E9CF /* AppDelegate.m */ = {isa = PBXFileReference; lastKnownFileType = sourcecode.c.objc; path = AppDelegate.m; sourceTree = "<group>"; };
		BC2A1A2B14563C050096E9CF /* ViewController.h */ = {isa = PBXFileReference; lastKnownFileType = sourcecode.c.h; path = ViewController.h; sourceTree = "<group>"; };
		BC2A1A2C14563C050096E9CF /* ViewController.m */ = {isa = PBXFileReference; lastKnownFileType = sourcecode.c.objc; path = ViewController.m; sourceTree = "<group>"; };
		BC2A1A2F14563C050096E9CF /* en */ = {isa = PBXFileReference; lastKnownFileType = file.xib; name = en; path = en.lproj/ViewController.xib; sourceTree = "<group>"; };
		BC62E068146EFF0C00540DF6 /* Book.h */ = {isa = PBXFileReference; fileEncoding = 4; lastKnownFileType = sourcecode.c.h; path = Book.h; sourceTree = "<group>"; };
		BC62E069146EFF0C00540DF6 /* Book.m */ = {isa = PBXFileReference; fileEncoding = 4; lastKnownFileType = sourcecode.c.objc; path = Book.m; sourceTree = "<group>"; };
		BC62E06B1470AA7D00540DF6 /* BlueCover.png */ = {isa = PBXFileReference; lastKnownFileType = image.png; path = BlueCover.png; sourceTree = "<group>"; };
		BC62E06C1470AA7D00540DF6 /* GreenCover.png */ = {isa = PBXFileReference; lastKnownFileType = image.png; path = GreenCover.png; sourceTree = "<group>"; };
		BC62E06D1470AA7D00540DF6 /* RedCover.png */ = {isa = PBXFileReference; lastKnownFileType = image.png; path = RedCover.png; sourceTree = "<group>"; };
		BC62E0711470B3B600540DF6 /* Bookshelf.png */ = {isa = PBXFileReference; lastKnownFileType = image.png; path = Bookshelf.png; sourceTree = "<group>"; };
/* End PBXFileReference section */

/* Begin PBXFrameworksBuildPhase section */
		BC2A1A1214563C050096E9CF /* Frameworks */ = {
			isa = PBXFrameworksBuildPhase;
			buildActionMask = 2147483647;
			files = (
				BC2A1A1A14563C050096E9CF /* UIKit.framework in Frameworks */,
				BC2A1A1C14563C050096E9CF /* Foundation.framework in Frameworks */,
				BC2A1A1E14563C050096E9CF /* CoreGraphics.framework in Frameworks */,
			);
			runOnlyForDeploymentPostprocessing = 0;
		};
/* End PBXFrameworksBuildPhase section */

/* Begin PBXGroup section */
		BC2A1A0A14563C050096E9CF = {
			isa = PBXGroup;
			children = (
				BC2A1A1F14563C050096E9CF /* Shelving */,
				BC2A1A1814563C050096E9CF /* Frameworks */,
				BC2A1A1614563C050096E9CF /* Products */,
			);
			sourceTree = "<group>";
		};
		BC2A1A1614563C050096E9CF /* Products */ = {
			isa = PBXGroup;
			children = (
				BC2A1A1514563C050096E9CF /* Shelving.app */,
			);
			name = Products;
			sourceTree = "<group>";
		};
		BC2A1A1814563C050096E9CF /* Frameworks */ = {
			isa = PBXGroup;
			children = (
				BC2A1A1914563C050096E9CF /* UIKit.framework */,
				BC2A1A1B14563C050096E9CF /* Foundation.framework */,
				BC2A1A1D14563C050096E9CF /* CoreGraphics.framework */,
			);
			name = Frameworks;
			sourceTree = "<group>";
		};
		BC2A1A1F14563C050096E9CF /* Shelving */ = {
			isa = PBXGroup;
			children = (
				BC2A1A2814563C050096E9CF /* AppDelegate.h */,
				BC2A1A2914563C050096E9CF /* AppDelegate.m */,
				BC2A1A2B14563C050096E9CF /* ViewController.h */,
				BC2A1A2C14563C050096E9CF /* ViewController.m */,
				BC2A1A2E14563C050096E9CF /* ViewController.xib */,
				BC62E068146EFF0C00540DF6 /* Book.h */,
				BC62E069146EFF0C00540DF6 /* Book.m */,
				BC2A1A2014563C050096E9CF /* Supporting Files */,
			);
			path = Shelving;
			sourceTree = "<group>";
		};
		BC2A1A2014563C050096E9CF /* Supporting Files */ = {
			isa = PBXGroup;
			children = (
				BC62E0711470B3B600540DF6 /* Bookshelf.png */,
				BC62E06B1470AA7D00540DF6 /* BlueCover.png */,
				BC62E06C1470AA7D00540DF6 /* GreenCover.png */,
				BC62E06D1470AA7D00540DF6 /* RedCover.png */,
				BC2A1A2114563C050096E9CF /* Shelving-Info.plist */,
				BC2A1A2214563C050096E9CF /* InfoPlist.strings */,
				BC2A1A2514563C050096E9CF /* main.m */,
				BC2A1A2714563C050096E9CF /* Shelving-Prefix.pch */,
			);
			name = "Supporting Files";
			sourceTree = "<group>";
		};
/* End PBXGroup section */

/* Begin PBXNativeTarget section */
		BC2A1A1414563C050096E9CF /* Shelving */ = {
			isa = PBXNativeTarget;
			buildConfigurationList = BC2A1A3314563C050096E9CF /* Build configuration list for PBXNativeTarget "Shelving" */;
			buildPhases = (
				BC2A1A1114563C050096E9CF /* Sources */,
				BC2A1A1214563C050096E9CF /* Frameworks */,
				BC2A1A1314563C050096E9CF /* Resources */,
			);
			buildRules = (
			);
			dependencies = (
			);
			name = Shelving;
			productName = Shelving;
			productReference = BC2A1A1514563C050096E9CF /* Shelving.app */;
			productType = "com.apple.product-type.application";
		};
/* End PBXNativeTarget section */

/* Begin PBXProject section */
		BC2A1A0C14563C050096E9CF /* Project object */ = {
			isa = PBXProject;
			attributes = {
				LastUpgradeCheck = 0420;
			};
			buildConfigurationList = BC2A1A0F14563C050096E9CF /* Build configuration list for PBXProject "Shelving" */;
			compatibilityVersion = "Xcode 3.2";
			developmentRegion = English;
			hasScannedForEncodings = 0;
			knownRegions = (
				en,
			);
			mainGroup = BC2A1A0A14563C050096E9CF;
			productRefGroup = BC2A1A1614563C050096E9CF /* Products */;
			projectDirPath = "";
			projectRoot = "";
			targets = (
				BC2A1A1414563C050096E9CF /* Shelving */,
			);
		};
/* End PBXProject section */

/* Begin PBXResourcesBuildPhase section */
		BC2A1A1314563C050096E9CF /* Resources */ = {
			isa = PBXResourcesBuildPhase;
			buildActionMask = 2147483647;
			files = (
				BC2A1A2414563C050096E9CF /* InfoPlist.strings in Resources */,
				BC2A1A3014563C050096E9CF /* ViewController.xib in Resources */,
				BC62E06E1470AA7E00540DF6 /* BlueCover.png in Resources */,
				BC62E06F1470AA7E00540DF6 /* GreenCover.png in Resources */,
				BC62E0701470AA7E00540DF6 /* RedCover.png in Resources */,
				BC62E0721470B3B600540DF6 /* Bookshelf.png in Resources */,
			);
			runOnlyForDeploymentPostprocessing = 0;
		};
/* End PBXResourcesBuildPhase section */

/* Begin PBXSourcesBuildPhase section */
		BC2A1A1114563C050096E9CF /* Sources */ = {
			isa = PBXSourcesBuildPhase;
			buildActionMask = 2147483647;
			files = (
				BC2A1A2614563C050096E9CF /* main.m in Sources */,
				BC2A1A2A14563C050096E9CF /* AppDelegate.m in Sources */,
				BC2A1A2D14563C050096E9CF /* ViewController.m in Sources */,
				BC62E06A146EFF0C00540DF6 /* Book.m in Sources */,
			);
			runOnlyForDeploymentPostprocessing = 0;
		};
/* End PBXSourcesBuildPhase section */

/* Begin PBXVariantGroup section */
		BC2A1A2214563C050096E9CF /* InfoPlist.strings */ = {
			isa = PBXVariantGroup;
			children = (
				BC2A1A2314563C050096E9CF /* en */,
			);
			name = InfoPlist.strings;
			sourceTree = "<group>";
		};
		BC2A1A2E14563C050096E9CF /* ViewController.xib */ = {
			isa = PBXVariantGroup;
			children = (
				BC2A1A2F14563C050096E9CF /* en */,
			);
			name = ViewController.xib;
			sourceTree = "<group>";
		};
/* End PBXVariantGroup section */

/* Begin XCBuildConfiguration section */
		BC2A1A3114563C050096E9CF /* Debug */ = {
			isa = XCBuildConfiguration;
			buildSettings = {
				ALWAYS_SEARCH_USER_PATHS = NO;
				ARCHS = "$(ARCHS_STANDARD_32_BIT)";
				CLANG_ENABLE_OBJC_ARC = YES;
				"CODE_SIGN_IDENTITY[sdk=iphoneos*]" = "iPhone Developer";
				COPY_PHASE_STRIP = NO;
				GCC_C_LANGUAGE_STANDARD = gnu99;
				GCC_DYNAMIC_NO_PIC = NO;
				GCC_OPTIMIZATION_LEVEL = 0;
				GCC_PREPROCESSOR_DEFINITIONS = (
					"DEBUG=1",
					"$(inherited)",
				);
				GCC_SYMBOLS_PRIVATE_EXTERN = NO;
				GCC_VERSION = com.apple.compilers.llvm.clang.1_0;
				GCC_WARN_ABOUT_MISSING_PROTOTYPES = YES;
				GCC_WARN_ABOUT_RETURN_TYPE = YES;
				GCC_WARN_UNUSED_VARIABLE = YES;
				IPHONEOS_DEPLOYMENT_TARGET = 5.0;
				SDKROOT = iphoneos;
				TARGETED_DEVICE_FAMILY = 2;
			};
			name = Debug;
		};
		BC2A1A3214563C050096E9CF /* Release */ = {
			isa = XCBuildConfiguration;
			buildSettings = {
				ALWAYS_SEARCH_USER_PATHS = NO;
				ARCHS = "$(ARCHS_STANDARD_32_BIT)";
				CLANG_ENABLE_OBJC_ARC = YES;
				"CODE_SIGN_IDENTITY[sdk=iphoneos*]" = "iPhone Developer";
				COPY_PHASE_STRIP = YES;
				GCC_C_LANGUAGE_STANDARD = gnu99;
				GCC_VERSION = com.apple.compilers.llvm.clang.1_0;
				GCC_WARN_ABOUT_MISSING_PROTOTYPES = YES;
				GCC_WARN_ABOUT_RETURN_TYPE = YES;
				GCC_WARN_UNUSED_VARIABLE = YES;
				IPHONEOS_DEPLOYMENT_TARGET = 5.0;
				OTHER_CFLAGS = "-DNS_BLOCK_ASSERTIONS=1";
				SDKROOT = iphoneos;
				TARGETED_DEVICE_FAMILY = 2;
				VALIDATE_PRODUCT = YES;
			};
			name = Release;
		};
		BC2A1A3414563C050096E9CF /* Debug */ = {
			isa = XCBuildConfiguration;
			buildSettings = {
				GCC_PRECOMPILE_PREFIX_HEADER = YES;
				GCC_PREFIX_HEADER = "Shelving/Shelving-Prefix.pch";
				INFOPLIST_FILE = "Shelving/Shelving-Info.plist";
				PRODUCT_NAME = "$(TARGET_NAME)";
				WRAPPER_EXTENSION = app;
			};
			name = Debug;
		};
		BC2A1A3514563C050096E9CF /* Release */ = {
			isa = XCBuildConfiguration;
			buildSettings = {
				GCC_PRECOMPILE_PREFIX_HEADER = YES;
				GCC_PREFIX_HEADER = "Shelving/Shelving-Prefix.pch";
				INFOPLIST_FILE = "Shelving/Shelving-Info.plist";
				PRODUCT_NAME = "$(TARGET_NAME)";
				WRAPPER_EXTENSION = app;
			};
			name = Release;
		};
/* End XCBuildConfiguration section */

/* Begin XCConfigurationList section */
		BC2A1A0F14563C050096E9CF /* Build configuration list for PBXProject "Shelving" */ = {
			isa = XCConfigurationList;
			buildConfigurations = (
				BC2A1A3114563C050096E9CF /* Debug */,
				BC2A1A3214563C050096E9CF /* Release */,
			);
			defaultConfigurationIsVisible = 0;
			defaultConfigurationName = Release;
		};
		BC2A1A3314563C050096E9CF /* Build configuration list for PBXNativeTarget "Shelving" */ = {
			isa = XCConfigurationList;
			buildConfigurations = (
				BC2A1A3414563C050096E9CF /* Debug */,
				BC2A1A3514563C050096E9CF /* Release */,
			);
			defaultConfigurationIsVisible = 0;
			defaultConfigurationName = Release;
		};
/* End XCConfigurationList section */
	};
	rootObject = BC2A1A0C14563C050096E9CF /* Project object */;
}
